
Microsoft Visual Studio Solution File, Format Version 12.00
# Visual Studio Version 16
VisualStudioVersion = 16.0.31005.135
MinimumVisualStudioVersion = 10.0.40219.1
Project("{FAE04EC0-301F-11D3-BF4B-00C04F79EFBC}") = "InstProject", "InstProject\InstProject.csproj", "{9592AA49-DDED-4C8C-8016-3A89FADE222A}"
EndProject
Project("{FAE04EC0-301F-11D3-BF4B-00C04F79EFBC}") = "InstProject.DAL", "InstProject.DAL\InstProject.DAL.csproj", "{7B7EFBF5-A946-47F1-BD62-01C837D637FF}"
EndProject
Project("{FAE04EC0-301F-11D3-BF4B-00C04F79EFBC}") = "InstProject.BLL", "InstProject.BLL\InstProject.BLL.csproj", "{51BCF851-9081-4C66-8AD3-6070A95B48B2}"
EndProject
Global
	GlobalSection(SolutionConfigurationPlatforms) = preSolution
		Debug|Any CPU = Debug|Any CPU
		Release|Any CPU = Release|Any CPU
	EndGlobalSection
	GlobalSection(ProjectConfigurationPlatforms) = postSolution
		{9592AA49-DDED-4C8C-8016-3A89FADE222A}.Debug|Any CPU.ActiveCfg = Debug|Any CPU
		{9592AA49-DDED-4C8C-8016-3A89FADE222A}.Debug|Any CPU.Build.0 = Debug|Any CPU
		{9592AA49-DDED-4C8C-8016-3A89FADE222A}.Release|Any CPU.ActiveCfg = Release|Any CPU
		{9592AA49-DDED-4C8C-8016-3A89FADE222A}.Release|Any CPU.Build.0 = Release|Any CPU
		{7B7EFBF5-A946-47F1-BD62-01C837D637FF}.Debug|Any CPU.ActiveCfg = Debug|Any CPU
		{7B7EFBF5-A946-47F1-BD62-01C837D637FF}.Debug|Any CPU.Build.0 = Debug|Any CPU
		{7B7EFBF5-A946-47F1-BD62-01C837D637FF}.Release|Any CPU.ActiveCfg = Release|Any CPU
		{7B7EFBF5-A946-47F1-BD62-01C837D637FF}.Release|Any CPU.Build.0 = Release|Any CPU
		{51BCF851-9081-4C66-8AD3-6070A95B48B2}.Debug|Any CPU.ActiveCfg = Debug|Any CPU
		{51BCF851-9081-4C66-8AD3-6070A95B48B2}.Debug|Any CPU.Build.0 = Debug|Any CPU
		{51BCF851-9081-4C66-8AD3-6070A95B48B2}.Release|Any CPU.ActiveCfg = Release|Any CPU
		{51BCF851-9081-4C66-8AD3-6070A95B48B2}.Release|Any CPU.Build.0 = Release|Any CPU
	EndGlobalSection
	GlobalSection(SolutionProperties) = preSolution
		HideSolutionNode = FALSE
	EndGlobalSection
	GlobalSection(ExtensibilityGlobals) = postSolution
		SolutionGuid = {0ED460FB-3243-4017-9D9E-6B620D1579B3}
	EndGlobalSection
EndGlobal
